
Microsoft Visual Studio Solution File, Format Version 12.00
# Visual Studio Version 17
VisualStudioVersion = 17.0.31903.59
MinimumVisualStudioVersion = 10.0.40219.1
Project("{FAE04EC0-301F-11D3-BF4B-00C04F79EFBC}") = "NtBot.Domain", "NtBot.Domain\NtBot.Domain.csproj", "{EADCD236-DCA4-44FD-9D70-CA0997CE8F5D}"
EndProject
Project("{FAE04EC0-301F-11D3-BF4B-00C04F79EFBC}") = "NtBot.Shared", "NtBot.Shared\NtBot.Shared.csproj", "{85551A07-7E27-4360-9F51-8397B537BC03}"
EndProject
Project("{FAE04EC0-301F-11D3-BF4B-00C04F79EFBC}") = "NtBot.Application", "NtBot.Application\NtBot.Application.csproj", "{746F22D4-1635-43EC-B8A5-438B036E0BBD}"
EndProject
Project("{FAE04EC0-301F-11D3-BF4B-00C04F79EFBC}") = "NtBot.Infrastructure", "NtBot.Infrastructure\NtBot.Infrastructure.csproj", "{9B861B0D-0D4A-4DE3-93E7-DF20E061FDD4}"
EndProject
Project("{FAE04EC0-301F-11D3-BF4B-00C04F79EFBC}") = "NtBot.Identity", "NtBot.Identity\NtBot.Identity.csproj", "{C9C6962B-DC42-445A-9BC6-F5ACA609B856}"
EndProject
Project("{FAE04EC0-301F-11D3-BF4B-00C04F79EFBC}") = "NtBot.Billing", "NtBot.Billing\NtBot.Billing.csproj", "{E7047BB3-4EB6-4F51-86DF-2AF6B58E9884}"
EndProject
Project("{FAE04EC0-301F-11D3-BF4B-00C04F79EFBC}") = "NtBot.MarketData", "NtBot.MarketData\NtBot.MarketData.csproj", "{C4EF1277-EA0B-4513-B0F5-DC7F56CB75CA}"
EndProject
Project("{FAE04EC0-301F-11D3-BF4B-00C04F79EFBC}") = "NtBot.Trading", "NtBot.Trading\NtBot.Trading.csproj", "{780F53C1-81A7-43EF-9642-B5710B5AA78A}"
EndProject
Project("{FAE04EC0-301F-11D3-BF4B-00C04F79EFBC}") = "NtBot.Notifications", "NtBot.Notifications\NtBot.Notifications.csproj", "{ED0908EB-55DA-4377-8193-BCF322789784}"
EndProject
Project("{FAE04EC0-301F-11D3-BF4B-00C04F79EFBC}") = "NtBot.Analytics", "NtBot.Analytics\NtBot.Analytics.csproj", "{5ADE0441-8301-4A07-BD39-E65FB5BFABE4}"
EndProject
Project("{FAE04EC0-301F-11D3-BF4B-00C04F79EFBC}") = "NtBot.Api", "NtBot.Api\NtBot.Api.csproj", "{F14476BC-5A5A-4988-A4B1-9B4964F5B379}"
EndProject
Project("{FAE04EC0-301F-11D3-BF4B-00C04F79EFBC}") = "NtBot.Web", "NtBot.Web\NtBot.Web.csproj", "{4752AADF-8556-449D-99A4-6C160A4E61B9}"
EndProject
Project("{FAE04EC0-301F-11D3-BF4B-00C04F79EFBC}") = "NtBot.Worker", "NtBot.Worker\NtBot.Worker.csproj", "{0ED92413-F43D-478E-B68E-98E620C8EB32}"
EndProject
Project("{FAE04EC0-301F-11D3-BF4B-00C04F79EFBC}") = "NtBot.UnitTests", "..\tests\NtBot.UnitTests\NtBot.UnitTests.csproj", "{449AA071-233D-42E9-AFAD-1A8CC4B6D6EF}"
EndProject
Project("{FAE04EC0-301F-11D3-BF4B-00C04F79EFBC}") = "Simulador", "..\Simulador\Simulador.csproj", "{2CE7BD96-067A-433C-AA61-AE74DF47736A}"
EndProject
Project("{FAE04EC0-301F-11D3-BF4B-00C04F79EFBC}") = "NtBot.Connector", "NtBot.Connector\NtBot.Connector.csproj", "{9290D9D6-6C8A-498D-958E-96D3398B3D11}"
EndProject
Project("{FAE04EC0-301F-11D3-BF4B-00C04F79EFBC}") = "NtBot.Connector.Windows", "NtBot.Connector.Windows\NtBot.Connector.Windows.csproj", "{3C366807-610C-4A63-A4A5-CC6622D5C408}"
EndProject
Project("{FAE04EC0-301F-11D3-BF4B-00C04F79EFBC}") = "NtBot.Macro", "NtBot.Macro\NtBot.Macro.csproj", "{422DAA15-A31E-4D74-9763-6F17F44E5D64}"
EndProject
Project("{FAE04EC0-301F-11D3-BF4B-00C04F79EFBC}") = "NtBot.MarketIntelligence", "NtBot.MarketIntelligence\NtBot.MarketIntelligence.csproj", "{6676B4E3-50C8-43C0-8806-D547F85A2C19}"
EndProject
Project("{FAE04EC0-301F-11D3-BF4B-00C04F79EFBC}") = "NtBot.MarketDrivers", "NtBot.MarketDrivers\NtBot.MarketDrivers.csproj", "{86D892CA-7883-4C92-B444-4437F45423A0}"
EndProject
Project("{FAE04EC0-301F-11D3-BF4B-00C04F79EFBC}") = "NtBot.TradingIntelligence", "NtBot.TradingIntelligence\NtBot.TradingIntelligence.csproj", "{F358C683-F8E6-4990-A546-02A17F1DC7AA}"
EndProject
Global
	GlobalSection(SolutionConfigurationPlatforms) = preSolution
		Debug|Any CPU = Debug|Any CPU
		Debug|x64 = Debug|x64
		Debug|x86 = Debug|x86
		Release|Any CPU = Release|Any CPU
		Release|x64 = Release|x64
		Release|x86 = Release|x86
	EndGlobalSection
	GlobalSection(ProjectConfigurationPlatforms) = postSolution
		{EADCD236-DCA4-44FD-9D70-CA0997CE8F5D}.Debug|Any CPU.ActiveCfg = Debug|Any CPU
		{EADCD236-DCA4-44FD-9D70-CA0997CE8F5D}.Debug|Any CPU.Build.0 = Debug|Any CPU
		{EADCD236-DCA4-44FD-9D70-CA0997CE8F5D}.Debug|x64.ActiveCfg = Debug|Any CPU
		{EADCD236-DCA4-44FD-9D70-CA0997CE8F5D}.Debug|x64.Build.0 = Debug|Any CPU
		{EADCD236-DCA4-44FD-9D70-CA0997CE8F5D}.Debug|x86.ActiveCfg = Debug|Any CPU
		{EADCD236-DCA4-44FD-9D70-CA0997CE8F5D}.Debug|x86.Build.0 = Debug|Any CPU
		{EADCD236-DCA4-44FD-9D70-CA0997CE8F5D}.Release|Any CPU.ActiveCfg = Release|Any CPU
		{EADCD236-DCA4-44FD-9D70-CA0997CE8F5D}.Release|Any CPU.Build.0 = Release|Any CPU
		{EADCD236-DCA4-44FD-9D70-CA0997CE8F5D}.Release|x64.ActiveCfg = Release|Any CPU
		{EADCD236-DCA4-44FD-9D70-CA0997CE8F5D}.Release|x64.Build.0 = Release|Any CPU
		{EADCD236-DCA4-44FD-9D70-CA0997CE8F5D}.Release|x86.ActiveCfg = Release|Any CPU
		{EADCD236-DCA4-44FD-9D70-CA0997CE8F5D}.Release|x86.Build.0 = Release|Any CPU
		{85551A07-7E27-4360-9F51-8397B537BC03}.Debug|Any CPU.ActiveCfg = Debug|Any CPU
		{85551A07-7E27-4360-9F51-8397B537BC03}.Debug|Any CPU.Build.0 = Debug|Any CPU
		{85551A07-7E27-4360-9F51-8397B537BC03}.Debug|x64.ActiveCfg = Debug|Any CPU
		{85551A07-7E27-4360-9F51-8397B537BC03}.Debug|x64.Build.0 = Debug|Any CPU
		{85551A07-7E27-4360-9F51-8397B537BC03}.Debug|x86.ActiveCfg = Debug|Any CPU
		{85551A07-7E27-4360-9F51-8397B537BC03}.Debug|x86.Build.0 = Debug|Any CPU
		{85551A07-7E27-4360-9F51-8397B537BC03}.Release|Any CPU.ActiveCfg = Release|Any CPU
		{85551A07-7E27-4360-9F51-8397B537BC03}.Release|Any CPU.Build.0 = Release|Any CPU
		{85551A07-7E27-4360-9F51-8397B537BC03}.Release|x64.ActiveCfg = Release|Any CPU
		{85551A07-7E27-4360-9F51-8397B537BC03}.Release|x64.Build.0 = Release|Any CPU
		{85551A07-7E27-4360-9F51-8397B537BC03}.Release|x86.ActiveCfg = Release|Any CPU
		{85551A07-7E27-4360-9F51-8397B537BC03}.Release|x86.Build.0 = Release|Any CPU
		{746F22D4-1635-43EC-B8A5-438B036E0BBD}.Debug|Any CPU.ActiveCfg = Debug|Any CPU
		{746F22D4-1635-43EC-B8A5-438B036E0BBD}.Debug|Any CPU.Build.0 = Debug|Any CPU
		{746F22D4-1635-43EC-B8A5-438B036E0BBD}.Debug|x64.ActiveCfg = Debug|Any CPU
		{746F22D4-1635-43EC-B8A5-438B036E0BBD}.Debug|x64.Build.0 = Debug|Any CPU
		{746F22D4-1635-43EC-B8A5-438B036E0BBD}.Debug|x86.ActiveCfg = Debug|Any CPU
		{746F22D4-1635-43EC-B8A5-438B036E0BBD}.Debug|x86.Build.0 = Debug|Any CPU
		{746F22D4-1635-43EC-B8A5-438B036E0BBD}.Release|Any CPU.ActiveCfg = Release|Any CPU
		{746F22D4-1635-43EC-B8A5-438B036E0BBD}.Release|Any CPU.Build.0 = Release|Any CPU
		{746F22D4-1635-43EC-B8A5-438B036E0BBD}.Release|x64.ActiveCfg = Release|Any CPU
		{746F22D4-1635-43EC-B8A5-438B036E0BBD}.Release|x64.Build.0 = Release|Any CPU
		{746F22D4-1635-43EC-B8A5-438B036E0BBD}.Release|x86.ActiveCfg = Release|Any CPU
		{746F22D4-1635-43EC-B8A5-438B036E0BBD}.Release|x86.Build.0 = Release|Any CPU
		{9B861B0D-0D4A-4DE3-93E7-DF20E061FDD4}.Debug|Any CPU.ActiveCfg = Debug|Any CPU
		{9B861B0D-0D4A-4DE3-93E7-DF20E061FDD4}.Debug|Any CPU.Build.0 = Debug|Any CPU
		{9B861B0D-0D4A-4DE3-93E7-DF20E061FDD4}.Debug|x64.ActiveCfg = Debug|Any CPU
		{9B861B0D-0D4A-4DE3-93E7-DF20E061FDD4}.Debug|x64.Build.0 = Debug|Any CPU
		{9B861B0D-0D4A-4DE3-93E7-DF20E061FDD4}.Debug|x86.ActiveCfg = Debug|Any CPU
		{9B861B0D-0D4A-4DE3-93E7-DF20E061FDD4}.Debug|x86.Build.0 = Debug|Any CPU
		{9B861B0D-0D4A-4DE3-93E7-DF20E061FDD4}.Release|Any CPU.ActiveCfg = Release|Any CPU
		{9B861B0D-0D4A-4DE3-93E7-DF20E061FDD4}.Release|Any CPU.Build.0 = Release|Any CPU
		{9B861B0D-0D4A-4DE3-93E7-DF20E061FDD4}.Release|x64.ActiveCfg = Release|Any CPU
		{9B861B0D-0D4A-4DE3-93E7-DF20E061FDD4}.Release|x64.Build.0 = Release|Any CPU
		{9B861B0D-0D4A-4DE3-93E7-DF20E061FDD4}.Release|x86.ActiveCfg = Release|Any CPU
		{9B861B0D-0D4A-4DE3-93E7-DF20E061FDD4}.Release|x86.Build.0 = Release|Any CPU
		{C9C6962B-DC42-445A-9BC6-F5ACA609B856}.Debug|Any CPU.ActiveCfg = Debug|Any CPU
		{C9C6962B-DC42-445A-9BC6-F5ACA609B856}.Debug|Any CPU.Build.0 = Debug|Any CPU
		{C9C6962B-DC42-445A-9BC6-F5ACA609B856}.Debug|x64.ActiveCfg = Debug|Any CPU
		{C9C6962B-DC42-445A-9BC6-F5ACA609B856}.Debug|x64.Build.0 = Debug|Any CPU
		{C9C6962B-DC42-445A-9BC6-F5ACA609B856}.Debug|x86.ActiveCfg = Debug|Any CPU
		{C9C6962B-DC42-445A-9BC6-F5ACA609B856}.Debug|x86.Build.0 = Debug|Any CPU
		{C9C6962B-DC42-445A-9BC6-F5ACA609B856}.Release|Any CPU.ActiveCfg = Release|Any CPU
		{C9C6962B-DC42-445A-9BC6-F5ACA609B856}.Release|Any CPU.Build.0 = Release|Any CPU
		{C9C6962B-DC42-445A-9BC6-F5ACA609B856}.Release|x64.ActiveCfg = Release|Any CPU
		{C9C6962B-DC42-445A-9BC6-F5ACA609B856}.Release|x64.Build.0 = Release|Any CPU
		{C9C6962B-DC42-445A-9BC6-F5ACA609B856}.Release|x86.ActiveCfg = Release|Any CPU
		{C9C6962B-DC42-445A-9BC6-F5ACA609B856}.Release|x86.Build.0 = Release|Any CPU
		{E7047BB3-4EB6-4F51-86DF-2AF6B58E9884}.Debug|Any CPU.ActiveCfg = Debug|Any CPU
		{E7047BB3-4EB6-4F51-86DF-2AF6B58E9884}.Debug|Any CPU.Build.0 = Debug|Any CPU
		{E7047BB3-4EB6-4F51-86DF-2AF6B58E9884}.Debug|x64.ActiveCfg = Debug|Any CPU
		{E7047BB3-4EB6-4F51-86DF-2AF6B58E9884}.Debug|x64.Build.0 = Debug|Any CPU
		{E7047BB3-4EB6-4F51-86DF-2AF6B58E9884}.Debug|x86.ActiveCfg = Debug|Any CPU
		{E7047BB3-4EB6-4F51-86DF-2AF6B58E9884}.Debug|x86.Build.0 = Debug|Any CPU
		{E7047BB3-4EB6-4F51-86DF-2AF6B58E9884}.Release|Any CPU.ActiveCfg = Release|Any CPU
		{E7047BB3-4EB6-4F51-86DF-2AF6B58E9884}.Release|Any CPU.Build.0 = Release|Any CPU
		{E7047BB3-4EB6-4F51-86DF-2AF6B58E9884}.Release|x64.ActiveCfg = Release|Any CPU
		{E7047BB3-4EB6-4F51-86DF-2AF6B58E9884}.Release|x64.Build.0 = Release|Any CPU
		{E7047BB3-4EB6-4F51-86DF-2AF6B58E9884}.Release|x86.ActiveCfg = Release|Any CPU
		{E7047BB3-4EB6-4F51-86DF-2AF6B58E9884}.Release|x86.Build.0 = Release|Any CPU
		{C4EF1277-EA0B-4513-B0F5-DC7F56CB75CA}.Debug|Any CPU.ActiveCfg = Debug|Any CPU
		{C4EF1277-EA0B-4513-B0F5-DC7F56CB75CA}.Debug|Any CPU.Build.0 = Debug|Any CPU
		{C4EF1277-EA0B-4513-B0F5-DC7F56CB75CA}.Debug|x64.ActiveCfg = Debug|Any CPU
		{C4EF1277-EA0B-4513-B0F5-DC7F56CB75CA}.Debug|x64.Build.0 = Debug|Any CPU
		{C4EF1277-EA0B-4513-B0F5-DC7F56CB75CA}.Debug|x86.ActiveCfg = Debug|Any CPU
		{C4EF1277-EA0B-4513-B0F5-DC7F56CB75CA}.Debug|x86.Build.0 = Debug|Any CPU
		{C4EF1277-EA0B-4513-B0F5-DC7F56CB75CA}.Release|Any CPU.ActiveCfg = Release|Any CPU
		{C4EF1277-EA0B-4513-B0F5-DC7F56CB75CA}.Release|Any CPU.Build.0 = Release|Any CPU
		{C4EF1277-EA0B-4513-B0F5-DC7F56CB75CA}.Release|x64.ActiveCfg = Release|Any CPU
		{C4EF1277-EA0B-4513-B0F5-DC7F56CB75CA}.Release|x64.Build.0 = Release|Any CPU
		{C4EF1277-EA0B-4513-B0F5-DC7F56CB75CA}.Release|x86.ActiveCfg = Release|Any CPU
		{C4EF1277-EA0B-4513-B0F5-DC7F56CB75CA}.Release|x86.Build.0 = Release|Any CPU
		{780F53C1-81A7-43EF-9642-B5710B5AA78A}.Debug|Any CPU.ActiveCfg = Debug|Any CPU
		{780F53C1-81A7-43EF-9642-B5710B5AA78A}.Debug|Any CPU.Build.0 = Debug|Any CPU
		{780F53C1-81A7-43EF-9642-B5710B5AA78A}.Debug|x64.ActiveCfg = Debug|Any CPU
		{780F53C1-81A7-43EF-9642-B5710B5AA78A}.Debug|x64.Build.0 = Debug|Any CPU
		{780F53C1-81A7-43EF-9642-B5710B5AA78A}.Debug|x86.ActiveCfg = Debug|Any CPU
		{780F53C1-81A7-43EF-9642-B5710B5AA78A}.Debug|x86.Build.0 = Debug|Any CPU
		{780F53C1-81A7-43EF-9642-B5710B5AA78A}.Release|Any CPU.ActiveCfg = Release|Any CPU
		{780F53C1-81A7-43EF-9642-B5710B5AA78A}.Release|Any CPU.Build.0 = Release|Any CPU
		{780F53C1-81A7-43EF-9642-B5710B5AA78A}.Release|x64.ActiveCfg = Release|Any CPU
		{780F53C1-81A7-43EF-9642-B5710B5AA78A}.Release|x64.Build.0 = Release|Any CPU
		{780F53C1-81A7-43EF-9642-B5710B5AA78A}.Release|x86.ActiveCfg = Release|Any CPU
		{780F53C1-81A7-43EF-9642-B5710B5AA78A}.Release|x86.Build.0 = Release|Any CPU
		{ED0908EB-55DA-4377-8193-BCF322789784}.Debug|Any CPU.ActiveCfg = Debug|Any CPU
		{ED0908EB-55DA-4377-8193-BCF322789784}.Debug|Any CPU.Build.0 = Debug|Any CPU
		{ED0908EB-55DA-4377-8193-BCF322789784}.Debug|x64.ActiveCfg = Debug|Any CPU
		{ED0908EB-55DA-4377-8193-BCF322789784}.Debug|x64.Build.0 = Debug|Any CPU
		{ED0908EB-55DA-4377-8193-BCF322789784}.Debug|x86.ActiveCfg = Debug|Any CPU
		{ED0908EB-55DA-4377-8193-BCF322789784}.Debug|x86.Build.0 = Debug|Any CPU
		{ED0908EB-55DA-4377-8193-BCF322789784}.Release|Any CPU.ActiveCfg = Release|Any CPU
		{ED0908EB-55DA-4377-8193-BCF322789784}.Release|Any CPU.Build.0 = Release|Any CPU
		{ED0908EB-55DA-4377-8193-BCF322789784}.Release|x64.ActiveCfg = Release|Any CPU
		{ED0908EB-55DA-4377-8193-BCF322789784}.Release|x64.Build.0 = Release|Any CPU
		{ED0908EB-55DA-4377-8193-BCF322789784}.Release|x86.ActiveCfg = Release|Any CPU
		{ED0908EB-55DA-4377-8193-BCF322789784}.Release|x86.Build.0 = Release|Any CPU
		{5ADE0441-8301-4A07-BD39-E65FB5BFABE4}.Debug|Any CPU.ActiveCfg = Debug|Any CPU
		{5ADE0441-8301-4A07-BD39-E65FB5BFABE4}.Debug|Any CPU.Build.0 = Debug|Any CPU
		{5ADE0441-8301-4A07-BD39-E65FB5BFABE4}.Debug|x64.ActiveCfg = Debug|Any CPU
		{5ADE0441-8301-4A07-BD39-E65FB5BFABE4}.Debug|x64.Build.0 = Debug|Any CPU
		{5ADE0441-8301-4A07-BD39-E65FB5BFABE4}.Debug|x86.ActiveCfg = Debug|Any CPU
		{5ADE0441-8301-4A07-BD39-E65FB5BFABE4}.Debug|x86.Build.0 = Debug|Any CPU
		{5ADE0441-8301-4A07-BD39-E65FB5BFABE4}.Release|Any CPU.ActiveCfg = Release|Any CPU
		{5ADE0441-8301-4A07-BD39-E65FB5BFABE4}.Release|Any CPU.Build.0 = Release|Any CPU
		{5ADE0441-8301-4A07-BD39-E65FB5BFABE4}.Release|x64.ActiveCfg = Release|Any CPU
		{5ADE0441-8301-4A07-BD39-E65FB5BFABE4}.Release|x64.Build.0 = Release|Any CPU
		{5ADE0441-8301-4A07-BD39-E65FB5BFABE4}.Release|x86.ActiveCfg = Release|Any CPU
		{5ADE0441-8301-4A07-BD39-E65FB5BFABE4}.Release|x86.Build.0 = Release|Any CPU
		{F14476BC-5A5A-4988-A4B1-9B4964F5B379}.Debug|Any CPU.ActiveCfg = Debug|Any CPU
		{F14476BC-5A5A-4988-A4B1-9B4964F5B379}.Debug|Any CPU.Build.0 = Debug|Any CPU
		{F14476BC-5A5A-4988-A4B1-9B4964F5B379}.Debug|x64.ActiveCfg = Debug|Any CPU
		{F14476BC-5A5A-4988-A4B1-9B4964F5B379}.Debug|x64.Build.0 = Debug|Any CPU
		{F14476BC-5A5A-4988-A4B1-9B4964F5B379}.Debug|x86.ActiveCfg = Debug|Any CPU
		{F14476BC-5A5A-4988-A4B1-9B4964F5B379}.Debug|x86.Build.0 = Debug|Any CPU
		{F14476BC-5A5A-4988-A4B1-9B4964F5B379}.Release|Any CPU.ActiveCfg = Release|Any CPU
		{F14476BC-5A5A-4988-A4B1-9B4964F5B379}.Release|Any CPU.Build.0 = Release|Any CPU
		{F14476BC-5A5A-4988-A4B1-9B4964F5B379}.Release|x64.ActiveCfg = Release|Any CPU
		{F14476BC-5A5A-4988-A4B1-9B4964F5B379}.Release|x64.Build.0 = Release|Any CPU
		{F14476BC-5A5A-4988-A4B1-9B4964F5B379}.Release|x86.ActiveCfg = Release|Any CPU
		{F14476BC-5A5A-4988-A4B1-9B4964F5B379}.Release|x86.Build.0 = Release|Any CPU
		{4752AADF-8556-449D-99A4-6C160A4E61B9}.Debug|Any CPU.ActiveCfg = Debug|Any CPU
		{4752AADF-8556-449D-99A4-6C160A4E61B9}.Debug|Any CPU.Build.0 = Debug|Any CPU
		{4752AADF-8556-449D-99A4-6C160A4E61B9}.Debug|x64.ActiveCfg = Debug|Any CPU
		{4752AADF-8556-449D-99A4-6C160A4E61B9}.Debug|x64.Build.0 = Debug|Any CPU
		{4752AADF-8556-449D-99A4-6C160A4E61B9}.Debug|x86.ActiveCfg = Debug|Any CPU
		{4752AADF-8556-449D-99A4-6C160A4E61B9}.Debug|x86.Build.0 = Debug|Any CPU
		{4752AADF-8556-449D-99A4-6C160A4E61B9}.Release|Any CPU.ActiveCfg = Release|Any CPU
		{4752AADF-8556-449D-99A4-6C160A4E61B9}.Release|Any CPU.Build.0 = Release|Any CPU
		{4752AADF-8556-449D-99A4-6C160A4E61B9}.Release|x64.ActiveCfg = Release|Any CPU
		{4752AADF-8556-449D-99A4-6C160A4E61B9}.Release|x64.Build.0 = Release|Any CPU
		{4752AADF-8556-449D-99A4-6C160A4E61B9}.Release|x86.ActiveCfg = Release|Any CPU
		{4752AADF-8556-449D-99A4-6C160A4E61B9}.Release|x86.Build.0 = Release|Any CPU
		{0ED92413-F43D-478E-B68E-98E620C8EB32}.Debug|Any CPU.ActiveCfg = Debug|Any CPU
		{0ED92413-F43D-478E-B68E-98E620C8EB32}.Debug|Any CPU.Build.0 = Debug|Any CPU
		{0ED92413-F43D-478E-B68E-98E620C8EB32}.Debug|x64.ActiveCfg = Debug|Any CPU
		{0ED92413-F43D-478E-B68E-98E620C8EB32}.Debug|x64.Build.0 = Debug|Any CPU
		{0ED92413-F43D-478E-B68E-98E620C8EB32}.Debug|x86.ActiveCfg = Debug|Any CPU
		{0ED92413-F43D-478E-B68E-98E620C8EB32}.Debug|x86.Build.0 = Debug|Any CPU
		{0ED92413-F43D-478E-B68E-98E620C8EB32}.Release|Any CPU.ActiveCfg = Release|Any CPU
		{0ED92413-F43D-478E-B68E-98E620C8EB32}.Release|Any CPU.Build.0 = Release|Any CPU
		{0ED92413-F43D-478E-B68E-98E620C8EB32}.Release|x64.ActiveCfg = Release|Any CPU
		{0ED92413-F43D-478E-B68E-98E620C8EB32}.Release|x64.Build.0 = Release|Any CPU
		{0ED92413-F43D-478E-B68E-98E620C8EB32}.Release|x86.ActiveCfg = Release|Any CPU
		{0ED92413-F43D-478E-B68E-98E620C8EB32}.Release|x86.Build.0 = Release|Any CPU
		{449AA071-233D-42E9-AFAD-1A8CC4B6D6EF}.Debug|Any CPU.ActiveCfg = Debug|Any CPU
		{449AA071-233D-42E9-AFAD-1A8CC4B6D6EF}.Debug|Any CPU.Build.0 = Debug|Any CPU
		{449AA071-233D-42E9-AFAD-1A8CC4B6D6EF}.Debug|x64.ActiveCfg = Debug|Any CPU
		{449AA071-233D-42E9-AFAD-1A8CC4B6D6EF}.Debug|x64.Build.0 = Debug|Any CPU
		{449AA071-233D-42E9-AFAD-1A8CC4B6D6EF}.Debug|x86.ActiveCfg = Debug|Any CPU
		{449AA071-233D-42E9-AFAD-1A8CC4B6D6EF}.Debug|x86.Build.0 = Debug|Any CPU
		{449AA071-233D-42E9-AFAD-1A8CC4B6D6EF}.Release|Any CPU.ActiveCfg = Release|Any CPU
		{449AA071-233D-42E9-AFAD-1A8CC4B6D6EF}.Release|Any CPU.Build.0 = Release|Any CPU
		{449AA071-233D-42E9-AFAD-1A8CC4B6D6EF}.Release|x64.ActiveCfg = Release|Any CPU
		{449AA071-233D-42E9-AFAD-1A8CC4B6D6EF}.Release|x64.Build.0 = Release|Any CPU
		{449AA071-233D-42E9-AFAD-1A8CC4B6D6EF}.Release|x86.ActiveCfg = Release|Any CPU
		{449AA071-233D-42E9-AFAD-1A8CC4B6D6EF}.Release|x86.Build.0 = Release|Any CPU
		{2CE7BD96-067A-433C-AA61-AE74DF47736A}.Debug|Any CPU.ActiveCfg = Debug|Any CPU
		{2CE7BD96-067A-433C-AA61-AE74DF47736A}.Debug|Any CPU.Build.0 = Debug|Any CPU
		{2CE7BD96-067A-433C-AA61-AE74DF47736A}.Debug|x64.ActiveCfg = Debug|Any CPU
		{2CE7BD96-067A-433C-AA61-AE74DF47736A}.Debug|x64.Build.0 = Debug|Any CPU
		{2CE7BD96-067A-433C-AA61-AE74DF47736A}.Debug|x86.ActiveCfg = Debug|Any CPU
		{2CE7BD96-067A-433C-AA61-AE74DF47736A}.Debug|x86.Build.0 = Debug|Any CPU
		{2CE7BD96-067A-433C-AA61-AE74DF47736A}.Release|Any CPU.ActiveCfg = Release|Any CPU
		{2CE7BD96-067A-433C-AA61-AE74DF47736A}.Release|Any CPU.Build.0 = Release|Any CPU
		{2CE7BD96-067A-433C-AA61-AE74DF47736A}.Release|x64.ActiveCfg = Release|Any CPU
		{2CE7BD96-067A-433C-AA61-AE74DF47736A}.Release|x64.Build.0 = Release|Any CPU
		{2CE7BD96-067A-433C-AA61-AE74DF47736A}.Release|x86.ActiveCfg = Release|Any CPU
		{2CE7BD96-067A-433C-AA61-AE74DF47736A}.Release|x86.Build.0 = Release|Any CPU
		{9290D9D6-6C8A-498D-958E-96D3398B3D11}.Debug|Any CPU.ActiveCfg = Debug|Any CPU
		{9290D9D6-6C8A-498D-958E-96D3398B3D11}.Debug|Any CPU.Build.0 = Debug|Any CPU
		{9290D9D6-6C8A-498D-958E-96D3398B3D11}.Debug|x64.ActiveCfg = Debug|Any CPU
		{9290D9D6-6C8A-498D-958E-96D3398B3D11}.Debug|x64.Build.0 = Debug|Any CPU
		{9290D9D6-6C8A-498D-958E-96D3398B3D11}.Debug|x86.ActiveCfg = Debug|Any CPU
		{9290D9D6-6C8A-498D-958E-96D3398B3D11}.Debug|x86.Build.0 = Debug|Any CPU
		{9290D9D6-6C8A-498D-958E-96D3398B3D11}.Release|Any CPU.ActiveCfg = Release|Any CPU
		{9290D9D6-6C8A-498D-958E-96D3398B3D11}.Release|Any CPU.Build.0 = Release|Any CPU
		{9290D9D6-6C8A-498D-958E-96D3398B3D11}.Release|x64.ActiveCfg = Release|Any CPU
		{9290D9D6-6C8A-498D-958E-96D3398B3D11}.Release|x64.Build.0 = Release|Any CPU
		{9290D9D6-6C8A-498D-958E-96D3398B3D11}.Release|x86.ActiveCfg = Release|Any CPU
		{9290D9D6-6C8A-498D-958E-96D3398B3D11}.Release|x86.Build.0 = Release|Any CPU
		{3C366807-610C-4A63-A4A5-CC6622D5C408}.Debug|Any CPU.ActiveCfg = Debug|Any CPU
		{3C366807-610C-4A63-A4A5-CC6622D5C408}.Debug|Any CPU.Build.0 = Debug|Any CPU
		{3C366807-610C-4A63-A4A5-CC6622D5C408}.Debug|x64.ActiveCfg = Debug|Any CPU
		{3C366807-610C-4A63-A4A5-CC6622D5C408}.Debug|x64.Build.0 = Debug|Any CPU
		{3C366807-610C-4A63-A4A5-CC6622D5C408}.Debug|x86.ActiveCfg = Debug|Any CPU
		{3C366807-610C-4A63-A4A5-CC6622D5C408}.Debug|x86.Build.0 = Debug|Any CPU
		{3C366807-610C-4A63-A4A5-CC6622D5C408}.Release|Any CPU.ActiveCfg = Release|Any CPU
		{3C366807-610C-4A63-A4A5-CC6622D5C408}.Release|Any CPU.Build.0 = Release|Any CPU
		{3C366807-610C-4A63-A4A5-CC6622D5C408}.Release|x64.ActiveCfg = Release|Any CPU
		{3C366807-610C-4A63-A4A5-CC6622D5C408}.Release|x64.Build.0 = Release|Any CPU
		{3C366807-610C-4A63-A4A5-CC6622D5C408}.Release|x86.ActiveCfg = Release|Any CPU
		{3C366807-610C-4A63-A4A5-CC6622D5C408}.Release|x86.Build.0 = Release|Any CPU
		{422DAA15-A31E-4D74-9763-6F17F44E5D64}.Debug|Any CPU.ActiveCfg = Debug|Any CPU
		{422DAA15-A31E-4D74-9763-6F17F44E5D64}.Debug|Any CPU.Build.0 = Debug|Any CPU
		{422DAA15-A31E-4D74-9763-6F17F44E5D64}.Debug|x64.ActiveCfg = Debug|Any CPU
		{422DAA15-A31E-4D74-9763-6F17F44E5D64}.Debug|x64.Build.0 = Debug|Any CPU
		{422DAA15-A31E-4D74-9763-6F17F44E5D64}.Debug|x86.ActiveCfg = Debug|Any CPU
		{422DAA15-A31E-4D74-9763-6F17F44E5D64}.Debug|x86.Build.0 = Debug|Any CPU
		{422DAA15-A31E-4D74-9763-6F17F44E5D64}.Release|Any CPU.ActiveCfg = Release|Any CPU
		{422DAA15-A31E-4D74-9763-6F17F44E5D64}.Release|Any CPU.Build.0 = Release|Any CPU
		{422DAA15-A31E-4D74-9763-6F17F44E5D64}.Release|x64.ActiveCfg = Release|Any CPU
		{422DAA15-A31E-4D74-9763-6F17F44E5D64}.Release|x64.Build.0 = Release|Any CPU
		{422DAA15-A31E-4D74-9763-6F17F44E5D64}.Release|x86.ActiveCfg = Release|Any CPU
		{422DAA15-A31E-4D74-9763-6F17F44E5D64}.Release|x86.Build.0 = Release|Any CPU
		{6676B4E3-50C8-43C0-8806-D547F85A2C19}.Debug|Any CPU.ActiveCfg = Debug|Any CPU
		{6676B4E3-50C8-43C0-8806-D547F85A2C19}.Debug|Any CPU.Build.0 = Debug|Any CPU
		{6676B4E3-50C8-43C0-8806-D547F85A2C19}.Debug|x64.ActiveCfg = Debug|Any CPU
		{6676B4E3-50C8-43C0-8806-D547F85A2C19}.Debug|x64.Build.0 = Debug|Any CPU
		{6676B4E3-50C8-43C0-8806-D547F85A2C19}.Debug|x86.ActiveCfg = Debug|Any CPU
		{6676B4E3-50C8-43C0-8806-D547F85A2C19}.Debug|x86.Build.0 = Debug|Any CPU
		{6676B4E3-50C8-43C0-8806-D547F85A2C19}.Release|Any CPU.ActiveCfg = Release|Any CPU
		{6676B4E3-50C8-43C0-8806-D547F85A2C19}.Release|Any CPU.Build.0 = Release|Any CPU
		{6676B4E3-50C8-43C0-8806-D547F85A2C19}.Release|x64.ActiveCfg = Release|Any CPU
		{6676B4E3-50C8-43C0-8806-D547F85A2C19}.Release|x64.Build.0 = Release|Any CPU
		{6676B4E3-50C8-43C0-8806-D547F85A2C19}.Release|x86.ActiveCfg = Release|Any CPU
		{6676B4E3-50C8-43C0-8806-D547F85A2C19}.Release|x86.Build.0 = Release|Any CPU
		{86D892CA-7883-4C92-B444-4437F45423A0}.Debug|Any CPU.ActiveCfg = Debug|Any CPU
		{86D892CA-7883-4C92-B444-4437F45423A0}.Debug|Any CPU.Build.0 = Debug|Any CPU
		{86D892CA-7883-4C92-B444-4437F45423A0}.Debug|x64.ActiveCfg = Debug|Any CPU
		{86D892CA-7883-4C92-B444-4437F45423A0}.Debug|x64.Build.0 = Debug|Any CPU
		{86D892CA-7883-4C92-B444-4437F45423A0}.Debug|x86.ActiveCfg = Debug|Any CPU
		{86D892CA-7883-4C92-B444-4437F45423A0}.Debug|x86.Build.0 = Debug|Any CPU
		{86D892CA-7883-4C92-B444-4437F45423A0}.Release|Any CPU.ActiveCfg = Release|Any CPU
		{86D892CA-7883-4C92-B444-4437F45423A0}.Release|Any CPU.Build.0 = Release|Any CPU
		{86D892CA-7883-4C92-B444-4437F45423A0}.Release|x64.ActiveCfg = Release|Any CPU
		{86D892CA-7883-4C92-B444-4437F45423A0}.Release|x64.Build.0 = Release|Any CPU
		{86D892CA-7883-4C92-B444-4437F45423A0}.Release|x86.ActiveCfg = Release|Any CPU
		{86D892CA-7883-4C92-B444-4437F45423A0}.Release|x86.Build.0 = Release|Any CPU
		{F358C683-F8E6-4990-A546-02A17F1DC7AA}.Debug|Any CPU.ActiveCfg = Debug|Any CPU
		{F358C683-F8E6-4990-A546-02A17F1DC7AA}.Debug|Any CPU.Build.0 = Debug|Any CPU
		{F358C683-F8E6-4990-A546-02A17F1DC7AA}.Debug|x64.ActiveCfg = Debug|Any CPU
		{F358C683-F8E6-4990-A546-02A17F1DC7AA}.Debug|x64.Build.0 = Debug|Any CPU
		{F358C683-F8E6-4990-A546-02A17F1DC7AA}.Debug|x86.ActiveCfg = Debug|Any CPU
		{F358C683-F8E6-4990-A546-02A17F1DC7AA}.Debug|x86.Build.0 = Debug|Any CPU
		{F358C683-F8E6-4990-A546-02A17F1DC7AA}.Release|Any CPU.ActiveCfg = Release|Any CPU
		{F358C683-F8E6-4990-A546-02A17F1DC7AA}.Release|Any CPU.Build.0 = Release|Any CPU
		{F358C683-F8E6-4990-A546-02A17F1DC7AA}.Release|x64.ActiveCfg = Release|Any CPU
		{F358C683-F8E6-4990-A546-02A17F1DC7AA}.Release|x64.Build.0 = Release|Any CPU
		{F358C683-F8E6-4990-A546-02A17F1DC7AA}.Release|x86.ActiveCfg = Release|Any CPU
		{F358C683-F8E6-4990-A546-02A17F1DC7AA}.Release|x86.Build.0 = Release|Any CPU
	EndGlobalSection
	GlobalSection(SolutionProperties) = preSolution
		HideSolutionNode = FALSE
	EndGlobalSection
EndGlobal
